
Microsoft Visual Studio Solution File, Format Version 12.00
# Visual Studio Version 16
VisualStudioVersion = 16.0.29025.244
MinimumVisualStudioVersion = 10.0.40219.1
Project("{888888A0-9F3D-457C-B088-3A5042F75D52}") = "Sentiment Analysis", "Sentiment Analysis.pyproj", "{4BE8CF64-AC77-41F4-995E-7F859EDEAFDD}"
EndProject
Global
	GlobalSection(SolutionConfigurationPlatforms) = preSolution
		Debug|Any CPU = Debug|Any CPU
		Release|Any CPU = Release|Any CPU
	EndGlobalSection
	GlobalSection(ProjectConfigurationPlatforms) = postSolution
		{4BE8CF64-AC77-41F4-995E-7F859EDEAFDD}.Debug|Any CPU.ActiveCfg = Debug|Any CPU
		{4BE8CF64-AC77-41F4-995E-7F859EDEAFDD}.Release|Any CPU.ActiveCfg = Release|Any CPU
	EndGlobalSection
	GlobalSection(SolutionProperties) = preSolution
		HideSolutionNode = FALSE
	EndGlobalSection
	GlobalSection(ExtensibilityGlobals) = postSolution
		SolutionGuid = {CE69C9B4-7E46-4A0F-9661-831D42959733}
	EndGlobalSection
EndGlobal
